
Microsoft Visual Studio Solution File, Format Version 12.00
# Visual Studio Version 17
VisualStudioVersion = 17.3.32811.315
MinimumVisualStudioVersion = 10.0.40219.1
Project("{9A19103F-16F7-4668-BE54-9A1E7A4F7556}") = "Inventory.Infrastructure", "Infrastructure\Inventory.Infrastructure.csproj", "{215BECCF-C563-489A-A424-694488B20FE3}"
EndProject
Project("{9A19103F-16F7-4668-BE54-9A1E7A4F7556}") = "Inventory.Domain", "Domain\Inventory.Domain.csproj", "{60EEACED-0B7D-4112-A80D-D345D405DCD2}"
EndProject
Project("{9A19103F-16F7-4668-BE54-9A1E7A4F7556}") = "Inventory.Persistence", "Persistence\Inventory.Persistence.csproj", "{6B887022-9E40-4FC4-96FD-F32767DE9A7E}"
EndProject
Project("{FAE04EC0-301F-11D3-BF4B-00C04F79EFBC}") = "Inventory.Uwp.Library", "Inventory.Uwp.Library\Inventory.Uwp.Library.csproj", "{CD266705-5D0A-4EE1-BA7E-32498D7B2877}"
EndProject
Project("{9A19103F-16F7-4668-BE54-9A1E7A4F7556}") = "ConsoleApp", "ConsoleApp\ConsoleApp.csproj", "{11DAD334-6BA9-41FC-8EAD-7532E4638948}"
EndProject
Project("{FAE04EC0-301F-11D3-BF4B-00C04F79EFBC}") = "Inventory.Uwp", "InventoryNoDto.Uwp\Inventory.Uwp.csproj", "{61527264-5040-48AC-9C81-D5615A27EA57}"
EndProject
Project("{9A19103F-16F7-4668-BE54-9A1E7A4F7556}") = "Inventory.Application", "Application\Inventory.Application.csproj", "{A244E92D-B30D-48DE-8F4A-90F9DA9C1FDC}"
EndProject
Global
	GlobalSection(SolutionConfigurationPlatforms) = preSolution
		Debug|x64 = Debug|x64
		Debug|x86 = Debug|x86
		Release|x64 = Release|x64
		Release|x86 = Release|x86
	EndGlobalSection
	GlobalSection(ProjectConfigurationPlatforms) = postSolution
		{215BECCF-C563-489A-A424-694488B20FE3}.Debug|x64.ActiveCfg = Debug|x64
		{215BECCF-C563-489A-A424-694488B20FE3}.Debug|x64.Build.0 = Debug|x64
		{215BECCF-C563-489A-A424-694488B20FE3}.Debug|x86.ActiveCfg = Debug|x64
		{215BECCF-C563-489A-A424-694488B20FE3}.Release|x64.ActiveCfg = Release|x64
		{215BECCF-C563-489A-A424-694488B20FE3}.Release|x64.Build.0 = Release|x64
		{215BECCF-C563-489A-A424-694488B20FE3}.Release|x86.ActiveCfg = Release|x64
		{60EEACED-0B7D-4112-A80D-D345D405DCD2}.Debug|x64.ActiveCfg = Debug|x64
		{60EEACED-0B7D-4112-A80D-D345D405DCD2}.Debug|x64.Build.0 = Debug|x64
		{60EEACED-0B7D-4112-A80D-D345D405DCD2}.Debug|x86.ActiveCfg = Debug|x64
		{60EEACED-0B7D-4112-A80D-D345D405DCD2}.Release|x64.ActiveCfg = Release|x64
		{60EEACED-0B7D-4112-A80D-D345D405DCD2}.Release|x64.Build.0 = Release|x64
		{60EEACED-0B7D-4112-A80D-D345D405DCD2}.Release|x86.ActiveCfg = Release|x64
		{6B887022-9E40-4FC4-96FD-F32767DE9A7E}.Debug|x64.ActiveCfg = Debug|x64
		{6B887022-9E40-4FC4-96FD-F32767DE9A7E}.Debug|x64.Build.0 = Debug|x64
		{6B887022-9E40-4FC4-96FD-F32767DE9A7E}.Debug|x86.ActiveCfg = Debug|x64
		{6B887022-9E40-4FC4-96FD-F32767DE9A7E}.Release|x64.ActiveCfg = Release|x64
		{6B887022-9E40-4FC4-96FD-F32767DE9A7E}.Release|x64.Build.0 = Release|x64
		{6B887022-9E40-4FC4-96FD-F32767DE9A7E}.Release|x86.ActiveCfg = Release|x64
		{CD266705-5D0A-4EE1-BA7E-32498D7B2877}.Debug|x64.ActiveCfg = Debug|x64
		{CD266705-5D0A-4EE1-BA7E-32498D7B2877}.Debug|x64.Build.0 = Debug|x64
		{CD266705-5D0A-4EE1-BA7E-32498D7B2877}.Debug|x86.ActiveCfg = Debug|x64
		{CD266705-5D0A-4EE1-BA7E-32498D7B2877}.Release|x64.ActiveCfg = Release|x64
		{CD266705-5D0A-4EE1-BA7E-32498D7B2877}.Release|x64.Build.0 = Release|x64
		{CD266705-5D0A-4EE1-BA7E-32498D7B2877}.Release|x86.ActiveCfg = Release|x64
		{11DAD334-6BA9-41FC-8EAD-7532E4638948}.Debug|x64.ActiveCfg = Debug|x64
		{11DAD334-6BA9-41FC-8EAD-7532E4638948}.Debug|x64.Build.0 = Debug|x64
		{11DAD334-6BA9-41FC-8EAD-7532E4638948}.Debug|x86.ActiveCfg = Debug|x86
		{11DAD334-6BA9-41FC-8EAD-7532E4638948}.Debug|x86.Build.0 = Debug|x86
		{11DAD334-6BA9-41FC-8EAD-7532E4638948}.Release|x64.ActiveCfg = Release|x64
		{11DAD334-6BA9-41FC-8EAD-7532E4638948}.Release|x64.Build.0 = Release|x64
		{11DAD334-6BA9-41FC-8EAD-7532E4638948}.Release|x86.ActiveCfg = Release|x86
		{11DAD334-6BA9-41FC-8EAD-7532E4638948}.Release|x86.Build.0 = Release|x86
		{61527264-5040-48AC-9C81-D5615A27EA57}.Debug|x64.ActiveCfg = Debug|x64
		{61527264-5040-48AC-9C81-D5615A27EA57}.Debug|x64.Build.0 = Debug|x64
		{61527264-5040-48AC-9C81-D5615A27EA57}.Debug|x64.Deploy.0 = Debug|x64
		{61527264-5040-48AC-9C81-D5615A27EA57}.Debug|x86.ActiveCfg = Debug|x64
		{61527264-5040-48AC-9C81-D5615A27EA57}.Release|x64.ActiveCfg = Release|x64
		{61527264-5040-48AC-9C81-D5615A27EA57}.Release|x64.Build.0 = Release|x64
		{61527264-5040-48AC-9C81-D5615A27EA57}.Release|x64.Deploy.0 = Release|x64
		{61527264-5040-48AC-9C81-D5615A27EA57}.Release|x86.ActiveCfg = Release|x64
		{A244E92D-B30D-48DE-8F4A-90F9DA9C1FDC}.Debug|x64.ActiveCfg = Debug|x64
		{A244E92D-B30D-48DE-8F4A-90F9DA9C1FDC}.Debug|x64.Build.0 = Debug|x64
		{A244E92D-B30D-48DE-8F4A-90F9DA9C1FDC}.Debug|x86.ActiveCfg = Debug|x64
		{A244E92D-B30D-48DE-8F4A-90F9DA9C1FDC}.Release|x64.ActiveCfg = Release|x64
		{A244E92D-B30D-48DE-8F4A-90F9DA9C1FDC}.Release|x64.Build.0 = Release|x64
		{A244E92D-B30D-48DE-8F4A-90F9DA9C1FDC}.Release|x86.ActiveCfg = Release|x64
	EndGlobalSection
	GlobalSection(SolutionProperties) = preSolution
		HideSolutionNode = FALSE
	EndGlobalSection
	GlobalSection(ExtensibilityGlobals) = postSolution
		SolutionGuid = {FD3F8CAA-A45D-4315-B28E-E0F80BBE61B2}
	EndGlobalSection
EndGlobal
